// !$*UTF8*$!
{
	archiveVersion = 1;
	classes = {
	};
	objectVersion = 46;
	objects = {

/* Begin PBXBuildFile section */
		6958128E1ADE54A000C5C9CE /* main.m in Sources */ = {isa = PBXBuildFile; fileRef = 6958128D1ADE54A000C5C9CE /* main.m */; };
		695812911ADE54A000C5C9CE /* AppDelegate.m in Sources */ = {isa = PBXBuildFile; fileRef = 695812901ADE54A000C5C9CE /* AppDelegate.m */; };
		695812941ADE54A000C5C9CE /* ViewController.m in Sources */ = {isa = PBXBuildFile; fileRef = 695812931ADE54A000C5C9CE /* ViewController.m */; };
		695812971ADE54A000C5C9CE /* Main.storyboard in Resources */ = {isa = PBXBuildFile; fileRef = 695812951ADE54A000C5C9CE /* Main.storyboard */; };
		695812991ADE54A000C5C9CE /* Images.xcassets in Resources */ = {isa = PBXBuildFile; fileRef = 695812981ADE54A000C5C9CE /* Images.xcassets */; };
		6958129C1ADE54A000C5C9CE /* LaunchScreen.xib in Resources */ = {isa = PBXBuildFile; fileRef = 6958129A1ADE54A000C5C9CE /* LaunchScreen.xib */; };
		695812A81ADE54A100C5C9CE /* UIViewExtensionTests.m in Sources */ = {isa = PBXBuildFile; fileRef = 695812A71ADE54A100C5C9CE /* UIViewExtensionTests.m */; };
		695812BF1ADE5E3100C5C9CE /* UIView+HYBExtension.m in Sources */ = {isa = PBXBuildFile; fileRef = 695812BE1ADE5E3100C5C9CE /* UIView+HYBExtension.m */; };
		695C3B941AFC53A900AE81D0 /* UIActionSheet+HYBKit.m in Sources */ = {isa = PBXBuildFile; fileRef = 695C3B851AFC53A900AE81D0 /* UIActionSheet+HYBKit.m */; };
		695C3B951AFC53A900AE81D0 /* UIAlertView+HYBKit.m in Sources */ = {isa = PBXBuildFile; fileRef = 695C3B871AFC53A900AE81D0 /* UIAlertView+HYBKit.m */; };
		695C3B961AFC53A900AE81D0 /* UIButton+HYBKit.m in Sources */ = {isa = PBXBuildFile; fileRef = 695C3B891AFC53A900AE81D0 /* UIButton+HYBKit.m */; };
		695C3B971AFC53A900AE81D0 /* UIDevice+HYBKit.m in Sources */ = {isa = PBXBuildFile; fileRef = 695C3B8B1AFC53A900AE81D0 /* UIDevice+HYBKit.m */; };
		695C3B981AFC53A900AE81D0 /* UIImagePickerController+HYBExtension.m in Sources */ = {isa = PBXBuildFile; fileRef = 695C3B8D1AFC53A900AE81D0 /* UIImagePickerController+HYBExtension.m */; };
		695C3B9A1AFC53A900AE81D0 /* UITextField+HYBKit.m in Sources */ = {isa = PBXBuildFile; fileRef = 695C3B911AFC53A900AE81D0 /* UITextField+HYBKit.m */; };
		695C3B9B1AFC53A900AE81D0 /* UIWindow+HYBKit.m in Sources */ = {isa = PBXBuildFile; fileRef = 695C3B931AFC53A900AE81D0 /* UIWindow+HYBKit.m */; };
		F7648977243E62C84198628D /* libPods.a in Frameworks */ = {isa = PBXBuildFile; fileRef = 85FFFD525AF1A0906DA528B0 /* libPods.a */; };
/* End PBXBuildFile section */

/* Begin PBXContainerItemProxy section */
		695812A21ADE54A100C5C9CE /* PBXContainerItemProxy */ = {
			isa = PBXContainerItemProxy;
			containerPortal = 695812801ADE54A000C5C9CE /* Project object */;
			proxyType = 1;
			remoteGlobalIDString = 695812871ADE54A000C5C9CE;
			remoteInfo = UIViewExtension;
		};
/* End PBXContainerItemProxy section */

/* Begin PBXFileReference section */
		4C068B6487A4870A008F388D /* Pods.release.xcconfig */ = {isa = PBXFileReference; includeInIndex = 1; lastKnownFileType = text.xcconfig; name = Pods.release.xcconfig; path = "Pods/Target Support Files/Pods/Pods.release.xcconfig"; sourceTree = "<group>"; };
		695812881ADE54A000C5C9CE /* UIViewExtension.app */ = {isa = PBXFileReference; explicitFileType = wrapper.application; includeInIndex = 0; path = UIViewExtension.app; sourceTree = BUILT_PRODUCTS_DIR; };
		6958128C1ADE54A000C5C9CE /* Info.plist */ = {isa = PBXFileReference; lastKnownFileType = text.plist.xml; path = Info.plist; sourceTree = "<group>"; };
		6958128D1ADE54A000C5C9CE /* main.m */ = {isa = PBXFileReference; lastKnownFileType = sourcecode.c.objc; path = main.m; sourceTree = "<group>"; };
		6958128F1ADE54A000C5C9CE /* AppDelegate.h */ = {isa = PBXFileReference; lastKnownFileType = sourcecode.c.h; path = AppDelegate.h; sourceTree = "<group>"; };
		695812901ADE54A000C5C9CE /* AppDelegate.m */ = {isa = PBXFileReference; lastKnownFileType = sourcecode.c.objc; path = AppDelegate.m; sourceTree = "<group>"; };
		695812921ADE54A000C5C9CE /* ViewController.h */ = {isa = PBXFileReference; lastKnownFileType = sourcecode.c.h; path = ViewController.h; sourceTree = "<group>"; };
		695812931ADE54A000C5C9CE /* ViewController.m */ = {isa = PBXFileReference; lastKnownFileType = sourcecode.c.objc; path = ViewController.m; sourceTree = "<group>"; };
		695812961ADE54A000C5C9CE /* Base */ = {isa = PBXFileReference; lastKnownFileType = file.storyboard; name = Base; path = Base.lproj/Main.storyboard; sourceTree = "<group>"; };
		695812981ADE54A000C5C9CE /* Images.xcassets */ = {isa = PBXFileReference; lastKnownFileType = folder.assetcatalog; path = Images.xcassets; sourceTree = "<group>"; };
		6958129B1ADE54A000C5C9CE /* Base */ = {isa = PBXFileReference; lastKnownFileType = file.xib; name = Base; path = Base.lproj/LaunchScreen.xib; sourceTree = "<group>"; };
		695812A11ADE54A100C5C9CE /* UIViewExtensionTests.xctest */ = {isa = PBXFileReference; explicitFileType = wrapper.cfbundle; includeInIndex = 0; path = UIViewExtensionTests.xctest; sourceTree = BUILT_PRODUCTS_DIR; };
		695812A61ADE54A100C5C9CE /* Info.plist */ = {isa = PBXFileReference; lastKnownFileType = text.plist.xml; path = Info.plist; sourceTree = "<group>"; };
		695812A71ADE54A100C5C9CE /* UIViewExtensionTests.m */ = {isa = PBXFileReference; lastKnownFileType = sourcecode.c.objc; path = UIViewExtensionTests.m; sourceTree = "<group>"; };
		695812BC1ADE5E3100C5C9CE /* HYBDeviceDefine.h */ = {isa = PBXFileReference; fileEncoding = 4; lastKnownFileType = sourcecode.c.h; path = HYBDeviceDefine.h; sourceTree = "<group>"; };
		695812BD1ADE5E3100C5C9CE /* UIView+HYBExtension.h */ = {isa = PBXFileReference; fileEncoding = 4; lastKnownFileType = sourcecode.c.h; path = "UIView+HYBExtension.h"; sourceTree = "<group>"; };
		695812BE1ADE5E3100C5C9CE /* UIView+HYBExtension.m */ = {isa = PBXFileReference; fileEncoding = 4; lastKnownFileType = sourcecode.c.objc; path = "UIView+HYBExtension.m"; sourceTree = "<group>"; };
		695C3B841AFC53A900AE81D0 /* UIActionSheet+HYBKit.h */ = {isa = PBXFileReference; fileEncoding = 4; lastKnownFileType = sourcecode.c.h; path = "UIActionSheet+HYBKit.h"; sourceTree = "<group>"; };
		695C3B851AFC53A900AE81D0 /* UIActionSheet+HYBKit.m */ = {isa = PBXFileReference; fileEncoding = 4; lastKnownFileType = sourcecode.c.objc; path = "UIActionSheet+HYBKit.m"; sourceTree = "<group>"; };
		695C3B861AFC53A900AE81D0 /* UIAlertView+HYBKit.h */ = {isa = PBXFileReference; fileEncoding = 4; lastKnownFileType = sourcecode.c.h; path = "UIAlertView+HYBKit.h"; sourceTree = "<group>"; };
		695C3B871AFC53A900AE81D0 /* UIAlertView+HYBKit.m */ = {isa = PBXFileReference; fileEncoding = 4; lastKnownFileType = sourcecode.c.objc; path = "UIAlertView+HYBKit.m"; sourceTree = "<group>"; };
		695C3B881AFC53A900AE81D0 /* UIButton+HYBKit.h */ = {isa = PBXFileReference; fileEncoding = 4; lastKnownFileType = sourcecode.c.h; path = "UIButton+HYBKit.h"; sourceTree = "<group>"; };
		695C3B891AFC53A900AE81D0 /* UIButton+HYBKit.m */ = {isa = PBXFileReference; fileEncoding = 4; lastKnownFileType = sourcecode.c.objc; path = "UIButton+HYBKit.m"; sourceTree = "<group>"; };
		695C3B8A1AFC53A900AE81D0 /* UIDevice+HYBKit.h */ = {isa = PBXFileReference; fileEncoding = 4; lastKnownFileType = sourcecode.c.h; path = "UIDevice+HYBKit.h"; sourceTree = "<group>"; };
		695C3B8B1AFC53A900AE81D0 /* UIDevice+HYBKit.m */ = {isa = PBXFileReference; fileEncoding = 4; lastKnownFileType = sourcecode.c.objc; path = "UIDevice+HYBKit.m"; sourceTree = "<group>"; };
		695C3B8C1AFC53A900AE81D0 /* UIImagePickerController+HYBExtension.h */ = {isa = PBXFileReference; fileEncoding = 4; lastKnownFileType = sourcecode.c.h; path = "UIImagePickerController+HYBExtension.h"; sourceTree = "<group>"; };
		695C3B8D1AFC53A900AE81D0 /* UIImagePickerController+HYBExtension.m */ = {isa = PBXFileReference; fileEncoding = 4; lastKnownFileType = sourcecode.c.objc; path = "UIImagePickerController+HYBExtension.m"; sourceTree = "<group>"; };
		695C3B901AFC53A900AE81D0 /* UITextField+HYBKit.h */ = {isa = PBXFileReference; fileEncoding = 4; lastKnownFileType = sourcecode.c.h; path = "UITextField+HYBKit.h"; sourceTree = "<group>"; };
		695C3B911AFC53A900AE81D0 /* UITextField+HYBKit.m */ = {isa = PBXFileReference; fileEncoding = 4; lastKnownFileType = sourcecode.c.objc; path = "UITextField+HYBKit.m"; sourceTree = "<group>"; };
		695C3B921AFC53A900AE81D0 /* UIWindow+HYBKit.h */ = {isa = PBXFileReference; fileEncoding = 4; lastKnownFileType = sourcecode.c.h; path = "UIWindow+HYBKit.h"; sourceTree = "<group>"; };
		695C3B931AFC53A900AE81D0 /* UIWindow+HYBKit.m */ = {isa = PBXFileReference; fileEncoding = 4; lastKnownFileType = sourcecode.c.objc; path = "UIWindow+HYBKit.m"; sourceTree = "<group>"; };
		695C3B9D1AFC5AC400AE81D0 /* HYBKit.h */ = {isa = PBXFileReference; fileEncoding = 4; lastKnownFileType = sourcecode.c.h; path = HYBKit.h; sourceTree = "<group>"; };
		85FFFD525AF1A0906DA528B0 /* libPods.a */ = {isa = PBXFileReference; explicitFileType = archive.ar; includeInIndex = 0; path = libPods.a; sourceTree = BUILT_PRODUCTS_DIR; };
		F9F077DC94B634B6E59B9232 /* Pods.debug.xcconfig */ = {isa = PBXFileReference; includeInIndex = 1; lastKnownFileType = text.xcconfig; name = Pods.debug.xcconfig; path = "Pods/Target Support Files/Pods/Pods.debug.xcconfig"; sourceTree = "<group>"; };
/* End PBXFileReference section */

/* Begin PBXFrameworksBuildPhase section */
		695812851ADE54A000C5C9CE /* Frameworks */ = {
			isa = PBXFrameworksBuildPhase;
			buildActionMask = 2147483647;
			files = (
				F7648977243E62C84198628D /* libPods.a in Frameworks */,
			);
			runOnlyForDeploymentPostprocessing = 0;
		};
		6958129E1ADE54A100C5C9CE /* Frameworks */ = {
			isa = PBXFrameworksBuildPhase;
			buildActionMask = 2147483647;
			files = (
			);
			runOnlyForDeploymentPostprocessing = 0;
		};
/* End PBXFrameworksBuildPhase section */

/* Begin PBXGroup section */
		6958127F1ADE54A000C5C9CE = {
			isa = PBXGroup;
			children = (
				6958128A1ADE54A000C5C9CE /* UIViewExtension */,
				695812A41ADE54A100C5C9CE /* UIViewExtensionTests */,
				695812891ADE54A000C5C9CE /* Products */,
				C991377BC4DE21095F5377B5 /* Pods */,
				E03B8CD1ADE700E6A0941178 /* Frameworks */,
			);
			sourceTree = "<group>";
		};
		695812891ADE54A000C5C9CE /* Products */ = {
			isa = PBXGroup;
			children = (
				695812881ADE54A000C5C9CE /* UIViewExtension.app */,
				695812A11ADE54A100C5C9CE /* UIViewExtensionTests.xctest */,
			);
			name = Products;
			sourceTree = "<group>";
		};
		6958128A1ADE54A000C5C9CE /* UIViewExtension */ = {
			isa = PBXGroup;
			children = (
				695812BB1ADE5E3100C5C9CE /* HYBUIViewExtension */,
				6958128F1ADE54A000C5C9CE /* AppDelegate.h */,
				695812901ADE54A000C5C9CE /* AppDelegate.m */,
				695812921ADE54A000C5C9CE /* ViewController.h */,
				695812931ADE54A000C5C9CE /* ViewController.m */,
				6958128B1ADE54A000C5C9CE /* Supporting Files */,
			);
			path = UIViewExtension;
			sourceTree = "<group>";
		};
		6958128B1ADE54A000C5C9CE /* Supporting Files */ = {
			isa = PBXGroup;
			children = (
				695812951ADE54A000C5C9CE /* Main.storyboard */,
				6958129A1ADE54A000C5C9CE /* LaunchScreen.xib */,
				695812981ADE54A000C5C9CE /* Images.xcassets */,
				6958128C1ADE54A000C5C9CE /* Info.plist */,
				6958128D1ADE54A000C5C9CE /* main.m */,
			);
			name = "Supporting Files";
			sourceTree = "<group>";
		};
		695812A41ADE54A100C5C9CE /* UIViewExtensionTests */ = {
			isa = PBXGroup;
			children = (
				695812A71ADE54A100C5C9CE /* UIViewExtensionTests.m */,
				695812A51ADE54A100C5C9CE /* Supporting Files */,
			);
			path = UIViewExtensionTests;
			sourceTree = "<group>";
		};
		695812A51ADE54A100C5C9CE /* Supporting Files */ = {
			isa = PBXGroup;
			children = (
				695812A61ADE54A100C5C9CE /* Info.plist */,
			);
			name = "Supporting Files";
			sourceTree = "<group>";
		};
		695812BB1ADE5E3100C5C9CE /* HYBUIViewExtension */ = {
			isa = PBXGroup;
			children = (
				695C3B841AFC53A900AE81D0 /* UIActionSheet+HYBKit.h */,
				695C3B851AFC53A900AE81D0 /* UIActionSheet+HYBKit.m */,
				695C3B861AFC53A900AE81D0 /* UIAlertView+HYBKit.h */,
				695C3B871AFC53A900AE81D0 /* UIAlertView+HYBKit.m */,
				695C3B881AFC53A900AE81D0 /* UIButton+HYBKit.h */,
				695C3B891AFC53A900AE81D0 /* UIButton+HYBKit.m */,
				695C3B8A1AFC53A900AE81D0 /* UIDevice+HYBKit.h */,
				695C3B8B1AFC53A900AE81D0 /* UIDevice+HYBKit.m */,
				695C3B8C1AFC53A900AE81D0 /* UIImagePickerController+HYBExtension.h */,
				695C3B8D1AFC53A900AE81D0 /* UIImagePickerController+HYBExtension.m */,
				695C3B901AFC53A900AE81D0 /* UITextField+HYBKit.h */,
				695C3B911AFC53A900AE81D0 /* UITextField+HYBKit.m */,
				695C3B921AFC53A900AE81D0 /* UIWindow+HYBKit.h */,
				695C3B931AFC53A900AE81D0 /* UIWindow+HYBKit.m */,
				695812BC1ADE5E3100C5C9CE /* HYBDeviceDefine.h */,
				695812BD1ADE5E3100C5C9CE /* UIView+HYBExtension.h */,
				695812BE1ADE5E3100C5C9CE /* UIView+HYBExtension.m */,
				695C3B9D1AFC5AC400AE81D0 /* HYBKit.h */,
			);
			path = HYBUIViewExtension;
			sourceTree = "<group>";
		};
		C991377BC4DE21095F5377B5 /* Pods */ = {
			isa = PBXGroup;
			children = (
				F9F077DC94B634B6E59B9232 /* Pods.debug.xcconfig */,
				4C068B6487A4870A008F388D /* Pods.release.xcconfig */,
			);
			name = Pods;
			sourceTree = "<group>";
		};
		E03B8CD1ADE700E6A0941178 /* Frameworks */ = {
			isa = PBXGroup;
			children = (
				85FFFD525AF1A0906DA528B0 /* libPods.a */,
			);
			name = Frameworks;
			sourceTree = "<group>";
		};
/* End PBXGroup section */

/* Begin PBXNativeTarget section */
		695812871ADE54A000C5C9CE /* UIViewExtension */ = {
			isa = PBXNativeTarget;
			buildConfigurationList = 695812AB1ADE54A100C5C9CE /* Build configuration list for PBXNativeTarget "UIViewExtension" */;
			buildPhases = (
				00A3113C192C79754AB196F5 /* Check Pods Manifest.lock */,
				695812841ADE54A000C5C9CE /* Sources */,
				695812851ADE54A000C5C9CE /* Frameworks */,
				695812861ADE54A000C5C9CE /* Resources */,
				A7EE619817DDED079A44E437 /* Copy Pods Resources */,
			);
			buildRules = (
			);
			dependencies = (
			);
			name = UIViewExtension;
			productName = UIViewExtension;
			productReference = 695812881ADE54A000C5C9CE /* UIViewExtension.app */;
			productType = "com.apple.product-type.application";
		};
		695812A01ADE54A100C5C9CE /* UIViewExtensionTests */ = {
			isa = PBXNativeTarget;
			buildConfigurationList = 695812AE1ADE54A100C5C9CE /* Build configuration list for PBXNativeTarget "UIViewExtensionTests" */;
			buildPhases = (
				6958129D1ADE54A100C5C9CE /* Sources */,
				6958129E1ADE54A100C5C9CE /* Frameworks */,
				6958129F1ADE54A100C5C9CE /* Resources */,
			);
			buildRules = (
			);
			dependencies = (
				695812A31ADE54A100C5C9CE /* PBXTargetDependency */,
			);
			name = UIViewExtensionTests;
			productName = UIViewExtensionTests;
			productReference = 695812A11ADE54A100C5C9CE /* UIViewExtensionTests.xctest */;
			productType = "com.apple.product-type.bundle.unit-test";
		};
/* End PBXNativeTarget section */

/* Begin PBXProject section */
		695812801ADE54A000C5C9CE /* Project object */ = {
			isa = PBXProject;
			attributes = {
				LastUpgradeCheck = 0630;
				ORGANIZATIONNAME = huangyibiao;
				TargetAttributes = {
					695812871ADE54A000C5C9CE = {
						CreatedOnToolsVersion = 6.3;
					};
					695812A01ADE54A100C5C9CE = {
						CreatedOnToolsVersion = 6.3;
						TestTargetID = 695812871ADE54A000C5C9CE;
					};
				};
			};
			buildConfigurationList = 695812831ADE54A000C5C9CE /* Build configuration list for PBXProject "UIViewExtension" */;
			compatibilityVersion = "Xcode 3.2";
			developmentRegion = English;
			hasScannedForEncodings = 0;
			knownRegions = (
				en,
				Base,
			);
			mainGroup = 6958127F1ADE54A000C5C9CE;
			productRefGroup = 695812891ADE54A000C5C9CE /* Products */;
			projectDirPath = "";
			projectRoot = "";
			targets = (
				695812871ADE54A000C5C9CE /* UIViewExtension */,
				695812A01ADE54A100C5C9CE /* UIViewExtensionTests */,
			);
		};
/* End PBXProject section */

/* Begin PBXResourcesBuildPhase section */
		695812861ADE54A000C5C9CE /* Resources */ = {
			isa = PBXResourcesBuildPhase;
			buildActionMask = 2147483647;
			files = (
				695812971ADE54A000C5C9CE /* Main.storyboard in Resources */,
				6958129C1ADE54A000C5C9CE /* LaunchScreen.xib in Resources */,
				695812991ADE54A000C5C9CE /* Images.xcassets in Resources */,
			);
			runOnlyForDeploymentPostprocessing = 0;
		};
		6958129F1ADE54A100C5C9CE /* Resources */ = {
			isa = PBXResourcesBuildPhase;
			buildActionMask = 2147483647;
			files = (
			);
			runOnlyForDeploymentPostprocessing = 0;
		};
/* End PBXResourcesBuildPhase section */

/* Begin PBXShellScriptBuildPhase section */
		00A3113C192C79754AB196F5 /* Check Pods Manifest.lock */ = {
			isa = PBXShellScriptBuildPhase;
			buildActionMask = 2147483647;
			files = (
			);
			inputPaths = (
			);
			name = "Check Pods Manifest.lock";
			outputPaths = (
			);
			runOnlyForDeploymentPostprocessing = 0;
			shellPath = /bin/sh;
			shellScript = "diff \"${PODS_ROOT}/../Podfile.lock\" \"${PODS_ROOT}/Manifest.lock\" > /dev/null\nif [[ $? != 0 ]] ; then\n    cat << EOM\nerror: The sandbox is not in sync with the Podfile.lock. Run 'pod install' or update your CocoaPods installation.\nEOM\n    exit 1\nfi\n";
			showEnvVarsInLog = 0;
		};
		A7EE619817DDED079A44E437 /* Copy Pods Resources */ = {
			isa = PBXShellScriptBuildPhase;
			buildActionMask = 2147483647;
			files = (
			);
			inputPaths = (
			);
			name = "Copy Pods Resources";
			outputPaths = (
			);
			runOnlyForDeploymentPostprocessing = 0;
			shellPath = /bin/sh;
			shellScript = "\"${SRCROOT}/Pods/Target Support Files/Pods/Pods-resources.sh\"\n";
			showEnvVarsInLog = 0;
		};
/* End PBXShellScriptBuildPhase section */

/* Begin PBXSourcesBuildPhase section */
		695812841ADE54A000C5C9CE /* Sources */ = {
			isa = PBXSourcesBuildPhase;
			buildActionMask = 2147483647;
			files = (
				695C3B971AFC53A900AE81D0 /* UIDevice+HYBKit.m in Sources */,
				695C3B9A1AFC53A900AE81D0 /* UITextField+HYBKit.m in Sources */,
				695C3B981AFC53A900AE81D0 /* UIImagePickerController+HYBExtension.m in Sources */,
				695C3B941AFC53A900AE81D0 /* UIActionSheet+HYBKit.m in Sources */,
				695812BF1ADE5E3100C5C9CE /* UIView+HYBExtension.m in Sources */,
				695812941ADE54A000C5C9CE /* ViewController.m in Sources */,
				695812911ADE54A000C5C9CE /* AppDelegate.m in Sources */,
				695C3B9B1AFC53A900AE81D0 /* UIWindow+HYBKit.m in Sources */,
				695C3B951AFC53A900AE81D0 /* UIAlertView+HYBKit.m in Sources */,
				6958128E1ADE54A000C5C9CE /* main.m in Sources */,
				695C3B961AFC53A900AE81D0 /* UIButton+HYBKit.m in Sources */,
			);
			runOnlyForDeploymentPostprocessing = 0;
		};
		6958129D1ADE54A100C5C9CE /* Sources */ = {
			isa = PBXSourcesBuildPhase;
			buildActionMask = 2147483647;
			files = (
				695812A81ADE54A100C5C9CE /* UIViewExtensionTests.m in Sources */,
			);
			runOnlyForDeploymentPostprocessing = 0;
		};
/* End PBXSourcesBuildPhase section */

/* Begin PBXTargetDependency section */
		695812A31ADE54A100C5C9CE /* PBXTargetDependency */ = {
			isa = PBXTargetDependency;
			target = 695812871ADE54A000C5C9CE /* UIViewExtension */;
			targetProxy = 695812A21ADE54A100C5C9CE /* PBXContainerItemProxy */;
		};
/* End PBXTargetDependency section */

/* Begin PBXVariantGroup section */
		695812951ADE54A000C5C9CE /* Main.storyboard */ = {
			isa = PBXVariantGroup;
			children = (
				695812961ADE54A000C5C9CE /* Base */,
			);
			name = Main.storyboard;
			sourceTree = "<group>";
		};
		6958129A1ADE54A000C5C9CE /* LaunchScreen.xib */ = {
			isa = PBXVariantGroup;
			children = (
				6958129B1ADE54A000C5C9CE /* Base */,
			);
			name = LaunchScreen.xib;
			sourceTree = "<group>";
		};
/* End PBXVariantGroup section */

/* Begin XCBuildConfiguration section */
		695812A91ADE54A100C5C9CE /* Debug */ = {
			isa = XCBuildConfiguration;
			buildSettings = {
				ALWAYS_SEARCH_USER_PATHS = NO;
				CLANG_CXX_LANGUAGE_STANDARD = "gnu++0x";
				CLANG_CXX_LIBRARY = "libc++";
				CLANG_ENABLE_MODULES = YES;
				CLANG_ENABLE_OBJC_ARC = YES;
				CLANG_WARN_BOOL_CONVERSION = YES;
				CLANG_WARN_CONSTANT_CONVERSION = YES;
				CLANG_WARN_DIRECT_OBJC_ISA_USAGE = YES_ERROR;
				CLANG_WARN_EMPTY_BODY = YES;
				CLANG_WARN_ENUM_CONVERSION = YES;
				CLANG_WARN_INT_CONVERSION = YES;
				CLANG_WARN_OBJC_ROOT_CLASS = YES_ERROR;
				CLANG_WARN_UNREACHABLE_CODE = YES;
				CLANG_WARN__DUPLICATE_METHOD_MATCH = YES;
				"CODE_SIGN_IDENTITY[sdk=iphoneos*]" = "iPhone Developer";
				COPY_PHASE_STRIP = NO;
				DEBUG_INFORMATION_FORMAT = "dwarf-with-dsym";
				ENABLE_STRICT_OBJC_MSGSEND = YES;
				GCC_C_LANGUAGE_STANDARD = gnu99;
				GCC_DYNAMIC_NO_PIC = NO;
				GCC_NO_COMMON_BLOCKS = YES;
				GCC_OPTIMIZATION_LEVEL = 0;
				GCC_PREPROCESSOR_DEFINITIONS = (
					"DEBUG=1",
					"$(inherited)",
				);
				GCC_SYMBOLS_PRIVATE_EXTERN = NO;
				GCC_WARN_64_TO_32_BIT_CONVERSION = YES;
				GCC_WARN_ABOUT_RETURN_TYPE = YES_ERROR;
				GCC_WARN_UNDECLARED_SELECTOR = YES;
				GCC_WARN_UNINITIALIZED_AUTOS = YES_AGGRESSIVE;
				GCC_WARN_UNUSED_FUNCTION = YES;
				GCC_WARN_UNUSED_VARIABLE = YES;
				IPHONEOS_DEPLOYMENT_TARGET = 8.3;
				MTL_ENABLE_DEBUG_INFO = YES;
				ONLY_ACTIVE_ARCH = YES;
				SDKROOT = iphoneos;
			};
			name = Debug;
		};
		695812AA1ADE54A100C5C9CE /* Release */ = {
			isa = XCBuildConfiguration;
			buildSettings = {
				ALWAYS_SEARCH_USER_PATHS = NO;
				CLANG_CXX_LANGUAGE_STANDARD = "gnu++0x";
				CLANG_CXX_LIBRARY = "libc++";
				CLANG_ENABLE_MODULES = YES;
				CLANG_ENABLE_OBJC_ARC = YES;
				CLANG_WARN_BOOL_CONVERSION = YES;
				CLANG_WARN_CONSTANT_CONVERSION = YES;
				CLANG_WARN_DIRECT_OBJC_ISA_USAGE = YES_ERROR;
				CLANG_WARN_EMPTY_BODY = YES;
				CLANG_WARN_ENUM_CONVERSION = YES;
				CLANG_WARN_INT_CONVERSION = YES;
				CLANG_WARN_OBJC_ROOT_CLASS = YES_ERROR;
				CLANG_WARN_UNREACHABLE_CODE = YES;
				CLANG_WARN__DUPLICATE_METHOD_MATCH = YES;
				"CODE_SIGN_IDENTITY[sdk=iphoneos*]" = "iPhone Developer";
				COPY_PHASE_STRIP = NO;
				DEBUG_INFORMATION_FORMAT = "dwarf-with-dsym";
				ENABLE_NS_ASSERTIONS = NO;
				ENABLE_STRICT_OBJC_MSGSEND = YES;
				GCC_C_LANGUAGE_STANDARD = gnu99;
				GCC_NO_COMMON_BLOCKS = YES;
				GCC_WARN_64_TO_32_BIT_CONVERSION = YES;
				GCC_WARN_ABOUT_RETURN_TYPE = YES_ERROR;
				GCC_WARN_UNDECLARED_SELECTOR = YES;
				GCC_WARN_UNINITIALIZED_AUTOS = YES_AGGRESSIVE;
				GCC_WARN_UNUSED_FUNCTION = YES;
				GCC_WARN_UNUSED_VARIABLE = YES;
				IPHONEOS_DEPLOYMENT_TARGET = 8.3;
				MTL_ENABLE_DEBUG_INFO = NO;
				SDKROOT = iphoneos;
				VALIDATE_PRODUCT = YES;
			};
			name = Release;
		};
		695812AC1ADE54A100C5C9CE /* Debug */ = {
			isa = XCBuildConfiguration;
			baseConfigurationReference = F9F077DC94B634B6E59B9232 /* Pods.debug.xcconfig */;
			buildSettings = {
				ASSETCATALOG_COMPILER_APPICON_NAME = AppIcon;
				INFOPLIST_FILE = UIViewExtension/Info.plist;
				IPHONEOS_DEPLOYMENT_TARGET = 7.0;
				LD_RUNPATH_SEARCH_PATHS = "$(inherited) @executable_path/Frameworks";
				PRODUCT_NAME = "$(TARGET_NAME)";
				USER_HEADER_SEARCH_PATHS = "$(SRCROOT)/**";
			};
			name = Debug;
		};
		695812AD1ADE54A100C5C9CE /* Release */ = {
			isa = XCBuildConfiguration;
			baseConfigurationReference = 4C068B6487A4870A008F388D /* Pods.release.xcconfig */;
			buildSettings = {
				ASSETCATALOG_COMPILER_APPICON_NAME = AppIcon;
				INFOPLIST_FILE = UIViewExtension/Info.plist;
				IPHONEOS_DEPLOYMENT_TARGET = 7.0;
				LD_RUNPATH_SEARCH_PATHS = "$(inherited) @executable_path/Frameworks";
				PRODUCT_NAME = "$(TARGET_NAME)";
				USER_HEADER_SEARCH_PATHS = "$(SRCROOT)/**";
			};
			name = Release;
		};
		695812AF1ADE54A100C5C9CE /* Debug */ = {
			isa = XCBuildConfiguration;
			buildSettings = {
				BUNDLE_LOADER = "$(TEST_HOST)";
				FRAMEWORK_SEARCH_PATHS = (
					"$(SDKROOT)/Developer/Library/Frameworks",
					"$(inherited)",
				);
				GCC_PREPROCESSOR_DEFINITIONS = (
					"DEBUG=1",
					"$(inherited)",
				);
				INFOPLIST_FILE = UIViewExtensionTests/Info.plist;
				LD_RUNPATH_SEARCH_PATHS = "$(inherited) @executable_path/Frameworks @loader_path/Frameworks";
				PRODUCT_NAME = "$(TARGET_NAME)";
				TEST_HOST = "$(BUILT_PRODUCTS_DIR)/UIViewExtension.app/UIViewExtension";
			};
			name = Debug;
		};
		695812B01ADE54A100C5C9CE /* Release */ = {
			isa = XCBuildConfiguration;
			buildSettings = {
				BUNDLE_LOADER = "$(TEST_HOST)";
				FRAMEWORK_SEARCH_PATHS = (
					"$(SDKROOT)/Developer/Library/Frameworks",
					"$(inherited)",
				);
				INFOPLIST_FILE = UIViewExtensionTests/Info.plist;
				LD_RUNPATH_SEARCH_PATHS = "$(inherited) @executable_path/Frameworks @loader_path/Frameworks";
				PRODUCT_NAME = "$(TARGET_NAME)";
				TEST_HOST = "$(BUILT_PRODUCTS_DIR)/UIViewExtension.app/UIViewExtension";
			};
			name = Release;
		};
/* End XCBuildConfiguration section */

/* Begin XCConfigurationList section */
		695812831ADE54A000C5C9CE /* Build configuration list for PBXProject "UIViewExtension" */ = {
			isa = XCConfigurationList;
			buildConfigurations = (
				695812A91ADE54A100C5C9CE /* Debug */,
				695812AA1ADE54A100C5C9CE /* Release */,
			);
			defaultConfigurationIsVisible = 0;
			defaultConfigurationName = Release;
		};
		695812AB1ADE54A100C5C9CE /* Build configuration list for PBXNativeTarget "UIViewExtension" */ = {
			isa = XCConfigurationList;
			buildConfigurations = (
				695812AC1ADE54A100C5C9CE /* Debug */,
				695812AD1ADE54A100C5C9CE /* Release */,
			);
			defaultConfigurationIsVisible = 0;
			defaultConfigurationName = Release;
		};
		695812AE1ADE54A100C5C9CE /* Build configuration list for PBXNativeTarget "UIViewExtensionTests" */ = {
			isa = XCConfigurationList;
			buildConfigurations = (
				695812AF1ADE54A100C5C9CE /* Debug */,
				695812B01ADE54A100C5C9CE /* Release */,
			);
			defaultConfigurationIsVisible = 0;
			defaultConfigurationName = Release;
		};
/* End XCConfigurationList section */
	};
	rootObject = 695812801ADE54A000C5C9CE /* Project object */;
}
